%{
  "bunt": {:hex, :bunt, "0.2.1", "e2d4792f7bc0ced7583ab54922808919518d0e57ee162901a16a1b6664ef3b14", [:mix], [], "hexpm", "a330bfb4245239787b15005e66ae6845c9cd524a288f0d141c148b02603777a5"},
  "castore": {:hex, :castore, "1.0.3", "7130ba6d24c8424014194676d608cb989f62ef8039efd50ff4b3f33286d06db8", [:mix], [], "hexpm", "680ab01ef5d15b161ed6a95449fac5c6b8f60055677a8e79acf01b27baa4390b"},
  "credo": {:hex, :credo, "1.7.0", "6119bee47272e85995598ee04f2ebbed3e947678dee048d10b5feca139435f75", [:mix], [{:bunt, "~> 0.2.1", [hex: :bunt, repo: "hexpm", optional: false]}, {:file_system, "~> 0.2.8", [hex: :file_system, repo: "hexpm", optional: false]}, {:jason, "~> 1.0", [hex: :jason, repo: "hexpm", optional: false]}], "hexpm", "6839fcf63d1f0d1c0f450abc8564a57c43d644077ab96f2934563e68b8a769d7"},
  "db_connection": {:hex, :db_connection, "2.7.0", "b99faa9291bb09892c7da373bb82cba59aefa9b36300f6145c5f201c7adf48ec", [:mix], [{:telemetry, "~> 0.4 or ~> 1.0", [hex: :telemetry, repo: "hexpm", optional: false]}], "hexpm", "dcf08f31b2701f857dfc787fbad78223d61a32204f217f15e881dd93e4bdd3ff"},
  "decimal": {:hex, :decimal, "2.1.1", "5611dca5d4b2c3dd497dec8f68751f1f1a54755e8ed2a966c2633cf885973ad6", [:mix], [], "hexpm", "53cfe5f497ed0e7771ae1a475575603d77425099ba5faef9394932b35020ffcc"},
  "dialyxir": {:hex, :dialyxir, "1.3.0", "fd1672f0922b7648ff9ce7b1b26fcf0ef56dda964a459892ad15f6b4410b5284", [:mix], [{:erlex, ">= 0.2.6", [hex: :erlex, repo: "hexpm", optional: false]}], "hexpm", "00b2a4bcd6aa8db9dcb0b38c1225b7277dca9bc370b6438715667071a304696f"},
  "earmark_parser": {:hex, :earmark_parser, "1.4.32", "fa739a0ecfa34493de19426681b23f6814573faee95dfd4b4aafe15a7b5b32c6", [:mix], [], "hexpm", "b8b0dd77d60373e77a3d7e8afa598f325e49e8663a51bcc2b88ef41838cca755"},
  "ecto": {:hex, :ecto, "3.11.2", "e1d26be989db350a633667c5cda9c3d115ae779b66da567c68c80cfb26a8c9ee", [:mix], [{:decimal, "~> 2.0", [hex: :decimal, repo: "hexpm", optional: false]}, {:jason, "~> 1.0", [hex: :jason, repo: "hexpm", optional: true]}, {:telemetry, "~> 0.4 or ~> 1.0", [hex: :telemetry, repo: "hexpm", optional: false]}], "hexpm", "3c38bca2c6f8d8023f2145326cc8a80100c3ffe4dcbd9842ff867f7fc6156c65"},
  "ecto_sql": {:hex, :ecto_sql, "3.11.3", "4eb7348ff8101fbc4e6bbc5a4404a24fecbe73a3372d16569526b0cf34ebc195", [:mix], [{:db_connection, "~> 2.4.1 or ~> 2.5", [hex: :db_connection, repo: "hexpm", optional: false]}, {:ecto, "~> 3.11.0", [hex: :ecto, repo: "hexpm", optional: false]}, {:myxql, "~> 0.6", [hex: :myxql, repo: "hexpm", optional: true]}, {:postgrex, "~> 0.16 or ~> 1.0", [hex: :postgrex, repo: "hexpm", optional: true]}, {:tds, "~> 2.1.1 or ~> 2.2", [hex: :tds, repo: "hexpm", optional: true]}, {:telemetry, "~> 0.4.0 or ~> 1.0", [hex: :telemetry, repo: "hexpm", optional: false]}], "hexpm", "e5f36e3d736b99c7fee3e631333b8394ade4bafe9d96d35669fca2d81c2be928"},
  "erlex": {:hex, :erlex, "0.2.6", "c7987d15e899c7a2f34f5420d2a2ea0d659682c06ac607572df55a43753aa12e", [:mix], [], "hexpm", "2ed2e25711feb44d52b17d2780eabf998452f6efda104877a3881c2f8c0c0c75"},
  "ex_doc": {:hex, :ex_doc, "0.29.4", "6257ecbb20c7396b1fe5accd55b7b0d23f44b6aa18017b415cb4c2b91d997729", [:mix], [{:earmark_parser, "~> 1.4.31", [hex: :earmark_parser, repo: "hexpm", optional: false]}, {:makeup_elixir, "~> 0.14", [hex: :makeup_elixir, repo: "hexpm", optional: false]}, {:makeup_erlang, "~> 0.1", [hex: :makeup_erlang, repo: "hexpm", optional: false]}], "hexpm", "2c6699a737ae46cb61e4ed012af931b57b699643b24dabe2400a8168414bc4f5"},
  "file_system": {:hex, :file_system, "0.2.10", "fb082005a9cd1711c05b5248710f8826b02d7d1784e7c3451f9c1231d4fc162d", [:mix], [], "hexpm", "41195edbfb562a593726eda3b3e8b103a309b733ad25f3d642ba49696bf715dc"},
  "floki": {:hex, :floki, "0.34.2", "5fad07ef153b3b8ec110b6b155ec3780c4b2c4906297d0b4be1a7162d04a7e02", [:mix], [], "hexpm", "26b9d50f0f01796bc6be611ca815c5e0de034d2128e39cc9702eee6b66a4d1c8"},
  "jason": {:hex, :jason, "1.4.3", "d3f984eeb96fe53b85d20e0b049f03e57d075b5acda3ac8d465c969a2536c17b", [:mix], [{:decimal, "~> 1.0 or ~> 2.0", [hex: :decimal, repo: "hexpm", optional: true]}], "hexpm", "9a90e868927f7c777689baa16d86f4d0e086d968db5c05d917ccff6d443e58a3"},
  "makeup": {:hex, :makeup, "1.1.0", "6b67c8bc2882a6b6a445859952a602afc1a41c2e08379ca057c0f525366fc3ca", [:mix], [{:nimble_parsec, "~> 1.2.2 or ~> 1.3", [hex: :nimble_parsec, repo: "hexpm", optional: false]}], "hexpm", "0a45ed501f4a8897f580eabf99a2e5234ea3e75a4373c8a52824f6e873be57a6"},
  "makeup_elixir": {:hex, :makeup_elixir, "0.16.1", "cc9e3ca312f1cfeccc572b37a09980287e243648108384b97ff2b76e505c3555", [:mix], [{:makeup, "~> 1.0", [hex: :makeup, repo: "hexpm", optional: false]}, {:nimble_parsec, "~> 1.2.3 or ~> 1.3", [hex: :nimble_parsec, repo: "hexpm", optional: false]}], "hexpm", "e127a341ad1b209bd80f7bd1620a15693a9908ed780c3b763bccf7d200c767c6"},
  "makeup_erlang": {:hex, :makeup_erlang, "0.1.1", "3fcb7f09eb9d98dc4d208f49cc955a34218fc41ff6b84df7c75b3e6e533cc65f", [:mix], [{:makeup, "~> 1.0", [hex: :makeup, repo: "hexpm", optional: false]}], "hexpm", "174d0809e98a4ef0b3309256cbf97101c6ec01c4ab0b23e926a9e17df2077cbb"},
  "mime": {:hex, :mime, "2.0.5", "dc34c8efd439abe6ae0343edbb8556f4d63f178594894720607772a041b04b02", [:mix], [], "hexpm", "da0d64a365c45bc9935cc5c8a7fc5e49a0e0f9932a761c55d6c52b142780a05c"},
  "nimble_parsec": {:hex, :nimble_parsec, "1.3.1", "2c54013ecf170e249e9291ed0a62e5832f70a476c61da16f6aac6dca0189f2af", [:mix], [], "hexpm", "2682e3c0b2eb58d90c6375fc0cc30bc7be06f365bf72608804fb9cffa5e1b167"},
  "permit": {:hex, :permit, "0.2.1", "28d86e6facc9b3516b50c271af16848ca3f8b769543dab80c05fba0a89a9eab3", [:mix], [], "hexpm", "c38448dbc360c2d5717453fbc04c4ba4562efc63caad241f56bda22711a721a0"},
  "permit_ecto": {:hex, :permit_ecto, "0.2.2", "b9e696e14ae68ed3ac609d29efe05834872df0b166426ee15ddfd19dbf204490", [:mix], [{:ecto, ">= 3.11.2 and < 4.0.0", [hex: :ecto, repo: "hexpm", optional: false]}, {:ecto_sql, ">= 3.11.0", [hex: :ecto_sql, repo: "hexpm", optional: false]}, {:permit, "~> 0.2", [hex: :permit, repo: "hexpm", optional: false]}], "hexpm", "3a7cca9a1494edf8bf2866ef19e46fac2cbbdefedb4591c90bc4982fdc59cc30"},
  "phoenix": {:hex, :phoenix, "1.7.7", "4cc501d4d823015007ba3cdd9c41ecaaf2ffb619d6fb283199fa8ddba89191e0", [:mix], [{:castore, ">= 0.0.0", [hex: :castore, repo: "hexpm", optional: false]}, {:jason, "~> 1.0", [hex: :jason, repo: "hexpm", optional: true]}, {:phoenix_pubsub, "~> 2.1", [hex: :phoenix_pubsub, repo: "hexpm", optional: false]}, {:phoenix_template, "~> 1.0", [hex: :phoenix_template, repo: "hexpm", optional: false]}, {:phoenix_view, "~> 2.0", [hex: :phoenix_view, repo: "hexpm", optional: true]}, {:plug, "~> 1.14", [hex: :plug, repo: "hexpm", optional: false]}, {:plug_cowboy, "~> 2.6", [hex: :plug_cowboy, repo: "hexpm", optional: true]}, {:plug_crypto, "~> 1.2", [hex: :plug_crypto, repo: "hexpm", optional: false]}, {:telemetry, "~> 0.4 or ~> 1.0", [hex: :telemetry, repo: "hexpm", optional: false]}, {:websock_adapter, "~> 0.5.3", [hex: :websock_adapter, repo: "hexpm", optional: false]}], "hexpm", "8966e15c395e5e37591b6ed0bd2ae7f48e961f0f60ac4c733f9566b519453085"},
  "phoenix_html": {:hex, :phoenix_html, "3.3.2", "d6ce982c6d8247d2fc0defe625255c721fb8d5f1942c5ac051f6177bffa5973f", [:mix], [{:plug, "~> 1.5", [hex: :plug, repo: "hexpm", optional: true]}], "hexpm", "44adaf8e667c1c20fb9d284b6b0fa8dc7946ce29e81ce621860aa7e96de9a11d"},
  "phoenix_live_view": {:hex, :phoenix_live_view, "0.19.5", "6e730595e8e9b8c5da230a814e557768828fd8dfeeb90377d2d8dbb52d4ec00a", [:mix], [{:jason, "~> 1.0", [hex: :jason, repo: "hexpm", optional: true]}, {:phoenix, "~> 1.6.15 or ~> 1.7.0", [hex: :phoenix, repo: "hexpm", optional: false]}, {:phoenix_html, "~> 3.3", [hex: :phoenix_html, repo: "hexpm", optional: false]}, {:phoenix_template, "~> 1.0", [hex: :phoenix_template, repo: "hexpm", optional: false]}, {:phoenix_view, "~> 2.0", [hex: :phoenix_view, repo: "hexpm", optional: true]}, {:telemetry, "~> 0.4.2 or ~> 1.0", [hex: :telemetry, repo: "hexpm", optional: false]}], "hexpm", "b2eaa0dd3cfb9bd7fb949b88217df9f25aed915e986a28ad5c8a0d054e7ca9d3"},
  "phoenix_pubsub": {:hex, :phoenix_pubsub, "2.1.3", "3168d78ba41835aecad272d5e8cd51aa87a7ac9eb836eabc42f6e57538e3731d", [:mix], [], "hexpm", "bba06bc1dcfd8cb086759f0edc94a8ba2bc8896d5331a1e2c2902bf8e36ee502"},
  "phoenix_template": {:hex, :phoenix_template, "1.0.3", "32de561eefcefa951aead30a1f94f1b5f0379bc9e340bb5c667f65f1edfa4326", [:mix], [{:phoenix_html, "~> 2.14.2 or ~> 3.0", [hex: :phoenix_html, repo: "hexpm", optional: true]}], "hexpm", "16f4b6588a4152f3cc057b9d0c0ba7e82ee23afa65543da535313ad8d25d8e2c"},
  "plug": {:hex, :plug, "1.14.2", "cff7d4ec45b4ae176a227acd94a7ab536d9b37b942c8e8fa6dfc0fff98ff4d80", [:mix], [{:mime, "~> 1.0 or ~> 2.0", [hex: :mime, repo: "hexpm", optional: false]}, {:plug_crypto, "~> 1.1.1 or ~> 1.2", [hex: :plug_crypto, repo: "hexpm", optional: false]}, {:telemetry, "~> 0.4.3 or ~> 1.0", [hex: :telemetry, repo: "hexpm", optional: false]}], "hexpm", "842fc50187e13cf4ac3b253d47d9474ed6c296a8732752835ce4a86acdf68d13"},
  "plug_crypto": {:hex, :plug_crypto, "1.2.5", "918772575e48e81e455818229bf719d4ab4181fcbf7f85b68a35620f78d89ced", [:mix], [], "hexpm", "26549a1d6345e2172eb1c233866756ae44a9609bd33ee6f99147ab3fd87fd842"},
  "postgrex": {:hex, :postgrex, "0.18.0", "f34664101eaca11ff24481ed4c378492fed2ff416cd9b06c399e90f321867d7e", [:mix], [{:db_connection, "~> 2.1", [hex: :db_connection, repo: "hexpm", optional: false]}, {:decimal, "~> 1.5 or ~> 2.0", [hex: :decimal, repo: "hexpm", optional: false]}, {:jason, "~> 1.0", [hex: :jason, repo: "hexpm", optional: true]}, {:table, "~> 0.1.0", [hex: :table, repo: "hexpm", optional: true]}], "hexpm", "a042989ba1bc1cca7383ebb9e461398e3f89f868c92ce6671feb7ef132a252d1"},
  "telemetry": {:hex, :telemetry, "1.2.1", "68fdfe8d8f05a8428483a97d7aab2f268aaff24b49e0f599faa091f1d4e7f61c", [:rebar3], [], "hexpm", "dad9ce9d8effc621708f99eac538ef1cbe05d6a874dd741de2e689c47feafed5"},
  "websock": {:hex, :websock, "0.5.3", "2f69a6ebe810328555b6fe5c831a851f485e303a7c8ce6c5f675abeb20ebdadc", [:mix], [], "hexpm", "6105453d7fac22c712ad66fab1d45abdf049868f253cf719b625151460b8b453"},
  "websock_adapter": {:hex, :websock_adapter, "0.5.4", "7af8408e7ed9d56578539594d1ee7d8461e2dd5c3f57b0f2a5352d610ddde757", [:mix], [{:bandit, ">= 0.6.0", [hex: :bandit, repo: "hexpm", optional: true]}, {:plug, "~> 1.14", [hex: :plug, repo: "hexpm", optional: false]}, {:plug_cowboy, "~> 2.6", [hex: :plug_cowboy, repo: "hexpm", optional: true]}, {:websock, "~> 0.5", [hex: :websock, repo: "hexpm", optional: false]}], "hexpm", "d2c238c79c52cbe223fcdae22ca0bb5007a735b9e933870e241fce66afb4f4ab"},
}
